
Microsoft Visual Studio Solution File, Format Version 12.00
# Visual Studio 15
VisualStudioVersion = 15.0.28010.2046
MinimumVisualStudioVersion = 10.0.40219.1
Project("{8BC9CEB8-8B4A-11D0-8D11-00A0C91BC942}") = "cancert", "cancert\cancert.vcxproj", "{50033BA1-6C90-477E-8D71-91049FDAB87D}"
EndProject
Global
	GlobalSection(SolutionConfigurationPlatforms) = preSolution
		Release|x64 = Release|x64
	EndGlobalSection
	GlobalSection(ProjectConfigurationPlatforms) = postSolution
		{50033BA1-6C90-477E-8D71-91049FDAB87D}.Release|x64.ActiveCfg = Release|x64
		{50033BA1-6C90-477E-8D71-91049FDAB87D}.Release|x64.Build.0 = Release|x64
	EndGlobalSection
	GlobalSection(SolutionProperties) = preSolution
		HideSolutionNode = FALSE
	EndGlobalSection
	GlobalSection(ExtensibilityGlobals) = postSolution
		SolutionGuid = {4AD19558-151A-493D-B98E-BD125B35AFC2}
	EndGlobalSection
EndGlobal
